{
  "name": "micro-demo",
  "version": "1.0.0",
  "lockfileVersion": 1,
  "requires": true,
  "dependencies": {
    "@types/prop-types": {
      "version": "15.7.3",
      "resolved": "https://registry.npm.taobao.org/@types/prop-types/download/@types/prop-types-15.7.3.tgz?cache=0&sync_timestamp=1605055213103&other_urls=https%3A%2F%2Fregistry.npm.taobao.org%2F%40types%2Fprop-types%2Fdownload%2F%40types%2Fprop-types-15.7.3.tgz",
      "integrity": "sha1-KrDV2i5YFflLC51LldHl8kOrLKc=",
      "dev": true
    },
    "@types/react": {
      "version": "16.9.56",
      "resolved": "https://registry.npm.taobao.org/@types/react/download/@types/react-16.9.56.tgz?cache=0&sync_timestamp=1604651667761&other_urls=https%3A%2F%2Fregistry.npm.taobao.org%2F%40types%2Freact%2Fdownload%2F%40types%2Freact-16.9.56.tgz",
      "integrity": "sha1-6iWEe1PFvsBkkzCV/DZrFGLirfA=",
      "dev": true,
      "requires": {
        "@types/prop-types": "*",
        "csstype": "^3.0.2"
      }
    },
    "csstype": {
      "version": "3.0.4",
      "resolved": "https://registry.npm.taobao.org/csstype/download/csstype-3.0.4.tgz?cache=0&sync_timestamp=1603439946794&other_urls=https%3A%2F%2Fregistry.npm.taobao.org%2Fcsstype%2Fdownload%2Fcsstype-3.0.4.tgz",
      "integrity": "sha1-sVbXvgO4T/QlyaCkseX02pxcqIg=",
      "dev": true
    }
  }
}
